
Microsoft Visual Studio Solution File, Format Version 12.00
# Visual Studio Version 17
VisualStudioVersion = 17.1.32414.318
MinimumVisualStudioVersion = 10.0.40219.1
Project("{2150E333-8FDC-42A3-9474-1A3956D46DE8}") = "src", "src", "{3D710079-B8DE-4C39-8406-E6E15BE4295E}"
EndProject
Project("{9A19103F-16F7-4668-BE54-9A1E7A4F7556}") = "Todos.Domain", "src\Todos.Domain\Todos.Domain.csproj", "{B421E473-7FD3-4E33-ACC4-A6594C272314}"
EndProject
Project("{9A19103F-16F7-4668-BE54-9A1E7A4F7556}") = "Todos.Application", "src\Todos.Application\Todos.Application.csproj", "{0F8852EB-AA8D-4216-B6E9-844AC80FA537}"
EndProject
Project("{2150E333-8FDC-42A3-9474-1A3956D46DE8}") = "auth", "auth", "{6AE67012-24F7-423E-A3EC-6FF4249B66ED}"
EndProject
Project("{9A19103F-16F7-4668-BE54-9A1E7A4F7556}") = "Todos.AuthApi", "auth\Todos.AuthApi\Todos.AuthApi.csproj", "{FFFB75FE-A050-4C63-A0DE-B83B0A45A303}"
EndProject
Project("{E53339B2-1760-4266-BCC7-CA923CBCF16C}") = "docker-compose", "docker-compose.dcproj", "{A8E78A42-CFE6-4727-BAA0-2DF3E5483B3A}"
EndProject
Project("{9A19103F-16F7-4668-BE54-9A1E7A4F7556}") = "Todos.Spa", "src\Todos.Spa\Todos.Spa.csproj", "{1D524053-7870-4E18-A98A-A4BC992C0FC8}"
EndProject
Project("{9A19103F-16F7-4668-BE54-9A1E7A4F7556}") = "Todos.Infrastructure.EfCore", "src\Todos.Infrastructure.EfCore\Todos.Infrastructure.EfCore.csproj", "{C4611D2B-5284-4EFD-93DE-EEA5C4825AA0}"
EndProject
Project("{9A19103F-16F7-4668-BE54-9A1E7A4F7556}") = "Todos.Api", "src\Todos.Api\Todos.Api.csproj", "{0B8C7EE5-0914-4E1A-B5D4-591F6FF77BA6}"
EndProject
Project("{FAE04EC0-301F-11D3-BF4B-00C04F79EFBC}") = "Todos.Infrastructure.Dapper", "src\Todos.Infrastructure.Dapper\Todos.Infrastructure.Dapper.csproj", "{111A7403-574C-453D-9AA3-82000857E3C4}"
EndProject
Global
	GlobalSection(SolutionConfigurationPlatforms) = preSolution
		Debug|Any CPU = Debug|Any CPU
		Release|Any CPU = Release|Any CPU
	EndGlobalSection
	GlobalSection(ProjectConfigurationPlatforms) = postSolution
		{B421E473-7FD3-4E33-ACC4-A6594C272314}.Debug|Any CPU.ActiveCfg = Debug|Any CPU
		{B421E473-7FD3-4E33-ACC4-A6594C272314}.Debug|Any CPU.Build.0 = Debug|Any CPU
		{B421E473-7FD3-4E33-ACC4-A6594C272314}.Release|Any CPU.ActiveCfg = Release|Any CPU
		{B421E473-7FD3-4E33-ACC4-A6594C272314}.Release|Any CPU.Build.0 = Release|Any CPU
		{0F8852EB-AA8D-4216-B6E9-844AC80FA537}.Debug|Any CPU.ActiveCfg = Debug|Any CPU
		{0F8852EB-AA8D-4216-B6E9-844AC80FA537}.Debug|Any CPU.Build.0 = Debug|Any CPU
		{0F8852EB-AA8D-4216-B6E9-844AC80FA537}.Release|Any CPU.ActiveCfg = Release|Any CPU
		{0F8852EB-AA8D-4216-B6E9-844AC80FA537}.Release|Any CPU.Build.0 = Release|Any CPU
		{FFFB75FE-A050-4C63-A0DE-B83B0A45A303}.Debug|Any CPU.ActiveCfg = Debug|Any CPU
		{FFFB75FE-A050-4C63-A0DE-B83B0A45A303}.Debug|Any CPU.Build.0 = Debug|Any CPU
		{FFFB75FE-A050-4C63-A0DE-B83B0A45A303}.Release|Any CPU.ActiveCfg = Release|Any CPU
		{FFFB75FE-A050-4C63-A0DE-B83B0A45A303}.Release|Any CPU.Build.0 = Release|Any CPU
		{A8E78A42-CFE6-4727-BAA0-2DF3E5483B3A}.Debug|Any CPU.ActiveCfg = Debug|Any CPU
		{A8E78A42-CFE6-4727-BAA0-2DF3E5483B3A}.Debug|Any CPU.Build.0 = Debug|Any CPU
		{A8E78A42-CFE6-4727-BAA0-2DF3E5483B3A}.Release|Any CPU.ActiveCfg = Release|Any CPU
		{A8E78A42-CFE6-4727-BAA0-2DF3E5483B3A}.Release|Any CPU.Build.0 = Release|Any CPU
		{1D524053-7870-4E18-A98A-A4BC992C0FC8}.Debug|Any CPU.ActiveCfg = Debug|Any CPU
		{1D524053-7870-4E18-A98A-A4BC992C0FC8}.Debug|Any CPU.Build.0 = Debug|Any CPU
		{1D524053-7870-4E18-A98A-A4BC992C0FC8}.Release|Any CPU.ActiveCfg = Release|Any CPU
		{1D524053-7870-4E18-A98A-A4BC992C0FC8}.Release|Any CPU.Build.0 = Release|Any CPU
		{C4611D2B-5284-4EFD-93DE-EEA5C4825AA0}.Debug|Any CPU.ActiveCfg = Debug|Any CPU
		{C4611D2B-5284-4EFD-93DE-EEA5C4825AA0}.Debug|Any CPU.Build.0 = Debug|Any CPU
		{C4611D2B-5284-4EFD-93DE-EEA5C4825AA0}.Release|Any CPU.ActiveCfg = Release|Any CPU
		{C4611D2B-5284-4EFD-93DE-EEA5C4825AA0}.Release|Any CPU.Build.0 = Release|Any CPU
		{0B8C7EE5-0914-4E1A-B5D4-591F6FF77BA6}.Debug|Any CPU.ActiveCfg = Debug|Any CPU
		{0B8C7EE5-0914-4E1A-B5D4-591F6FF77BA6}.Debug|Any CPU.Build.0 = Debug|Any CPU
		{0B8C7EE5-0914-4E1A-B5D4-591F6FF77BA6}.Release|Any CPU.ActiveCfg = Release|Any CPU
		{0B8C7EE5-0914-4E1A-B5D4-591F6FF77BA6}.Release|Any CPU.Build.0 = Release|Any CPU
		{111A7403-574C-453D-9AA3-82000857E3C4}.Debug|Any CPU.ActiveCfg = Debug|Any CPU
		{111A7403-574C-453D-9AA3-82000857E3C4}.Debug|Any CPU.Build.0 = Debug|Any CPU
		{111A7403-574C-453D-9AA3-82000857E3C4}.Release|Any CPU.ActiveCfg = Release|Any CPU
		{111A7403-574C-453D-9AA3-82000857E3C4}.Release|Any CPU.Build.0 = Release|Any CPU
	EndGlobalSection
	GlobalSection(SolutionProperties) = preSolution
		HideSolutionNode = FALSE
	EndGlobalSection
	GlobalSection(NestedProjects) = preSolution
		{B421E473-7FD3-4E33-ACC4-A6594C272314} = {3D710079-B8DE-4C39-8406-E6E15BE4295E}
		{0F8852EB-AA8D-4216-B6E9-844AC80FA537} = {3D710079-B8DE-4C39-8406-E6E15BE4295E}
		{FFFB75FE-A050-4C63-A0DE-B83B0A45A303} = {6AE67012-24F7-423E-A3EC-6FF4249B66ED}
		{1D524053-7870-4E18-A98A-A4BC992C0FC8} = {3D710079-B8DE-4C39-8406-E6E15BE4295E}
		{C4611D2B-5284-4EFD-93DE-EEA5C4825AA0} = {3D710079-B8DE-4C39-8406-E6E15BE4295E}
		{0B8C7EE5-0914-4E1A-B5D4-591F6FF77BA6} = {3D710079-B8DE-4C39-8406-E6E15BE4295E}
		{111A7403-574C-453D-9AA3-82000857E3C4} = {3D710079-B8DE-4C39-8406-E6E15BE4295E}
	EndGlobalSection
	GlobalSection(ExtensibilityGlobals) = postSolution
		SolutionGuid = {BCB85A6B-CA27-4660-8313-76FD3A66109A}
	EndGlobalSection
EndGlobal
